// !$*UTF8*$!
{
	archiveVersion = 1;
	classes = {
	};
	objectVersion = 46;
	objects = {

/* Begin PBXBuildFile section */
		1F91DE241E9766E400D2F1C2 /* CalculatorBrain.swift in Sources */ = {isa = PBXBuildFile; fileRef = 1F91DE231E9766E400D2F1C2 /* CalculatorBrain.swift */; };
		1FE7747C1DEA976400C79EEE /* AppDelegate.swift in Sources */ = {isa = PBXBuildFile; fileRef = 1FE7747B1DEA976400C79EEE /* AppDelegate.swift */; };
		1FE7747E1DEA976400C79EEE /* ViewController.swift in Sources */ = {isa = PBXBuildFile; fileRef = 1FE7747D1DEA976400C79EEE /* ViewController.swift */; };
		1FE774811DEA976400C79EEE /* Main.storyboard in Resources */ = {isa = PBXBuildFile; fileRef = 1FE7747F1DEA976400C79EEE /* Main.storyboard */; };
		1FE774831DEA976400C79EEE /* Assets.xcassets in Resources */ = {isa = PBXBuildFile; fileRef = 1FE774821DEA976400C79EEE /* Assets.xcassets */; };
		1FE774861DEA976400C79EEE /* LaunchScreen.storyboard in Resources */ = {isa = PBXBuildFile; fileRef = 1FE774841DEA976400C79EEE /* LaunchScreen.storyboard */; };
		1FE774911DEA976400C79EEE /* CalculatorTests.swift in Sources */ = {isa = PBXBuildFile; fileRef = 1FE774901DEA976400C79EEE /* CalculatorTests.swift */; };
		1FE7749C1DEA976400C79EEE /* CalculatorUITests.swift in Sources */ = {isa = PBXBuildFile; fileRef = 1FE7749B1DEA976400C79EEE /* CalculatorUITests.swift */; };
/* End PBXBuildFile section */

/* Begin PBXContainerItemProxy section */
		1FE7748D1DEA976400C79EEE /* PBXContainerItemProxy */ = {
			isa = PBXContainerItemProxy;
			containerPortal = 1FE774701DEA976400C79EEE /* Project object */;
			proxyType = 1;
			remoteGlobalIDString = 1FE774771DEA976400C79EEE;
			remoteInfo = Calculator;
		};
		1FE774981DEA976400C79EEE /* PBXContainerItemProxy */ = {
			isa = PBXContainerItemProxy;
			containerPortal = 1FE774701DEA976400C79EEE /* Project object */;
			proxyType = 1;
			remoteGlobalIDString = 1FE774771DEA976400C79EEE;
			remoteInfo = Calculator;
		};
/* End PBXContainerItemProxy section */

/* Begin PBXFileReference section */
		1F91DE231E9766E400D2F1C2 /* CalculatorBrain.swift */ = {isa = PBXFileReference; fileEncoding = 4; lastKnownFileType = sourcecode.swift; path = CalculatorBrain.swift; sourceTree = "<group>"; };
		1FE774781DEA976400C79EEE /* Calculator.app */ = {isa = PBXFileReference; explicitFileType = wrapper.application; includeInIndex = 0; path = Calculator.app; sourceTree = BUILT_PRODUCTS_DIR; };
		1FE7747B1DEA976400C79EEE /* AppDelegate.swift */ = {isa = PBXFileReference; lastKnownFileType = sourcecode.swift; path = AppDelegate.swift; sourceTree = "<group>"; };
		1FE7747D1DEA976400C79EEE /* ViewController.swift */ = {isa = PBXFileReference; lastKnownFileType = sourcecode.swift; path = ViewController.swift; sourceTree = "<group>"; };
		1FE774801DEA976400C79EEE /* Base */ = {isa = PBXFileReference; lastKnownFileType = file.storyboard; name = Base; path = Base.lproj/Main.storyboard; sourceTree = "<group>"; };
		1FE774821DEA976400C79EEE /* Assets.xcassets */ = {isa = PBXFileReference; lastKnownFileType = folder.assetcatalog; path = Assets.xcassets; sourceTree = "<group>"; };
		1FE774851DEA976400C79EEE /* Base */ = {isa = PBXFileReference; lastKnownFileType = file.storyboard; name = Base; path = Base.lproj/LaunchScreen.storyboard; sourceTree = "<group>"; };
		1FE774871DEA976400C79EEE /* Info.plist */ = {isa = PBXFileReference; lastKnownFileType = text.plist.xml; path = Info.plist; sourceTree = "<group>"; };
		1FE7748C1DEA976400C79EEE /* CalculatorTests.xctest */ = {isa = PBXFileReference; explicitFileType = wrapper.cfbundle; includeInIndex = 0; path = CalculatorTests.xctest; sourceTree = BUILT_PRODUCTS_DIR; };
		1FE774901DEA976400C79EEE /* CalculatorTests.swift */ = {isa = PBXFileReference; lastKnownFileType = sourcecode.swift; path = CalculatorTests.swift; sourceTree = "<group>"; };
		1FE774921DEA976400C79EEE /* Info.plist */ = {isa = PBXFileReference; lastKnownFileType = text.plist.xml; path = Info.plist; sourceTree = "<group>"; };
		1FE774971DEA976400C79EEE /* CalculatorUITests.xctest */ = {isa = PBXFileReference; explicitFileType = wrapper.cfbundle; includeInIndex = 0; path = CalculatorUITests.xctest; sourceTree = BUILT_PRODUCTS_DIR; };
		1FE7749B1DEA976400C79EEE /* CalculatorUITests.swift */ = {isa = PBXFileReference; lastKnownFileType = sourcecode.swift; path = CalculatorUITests.swift; sourceTree = "<group>"; };
		1FE7749D1DEA976400C79EEE /* Info.plist */ = {isa = PBXFileReference; lastKnownFileType = text.plist.xml; path = Info.plist; sourceTree = "<group>"; };
/* End PBXFileReference section */

/* Begin PBXFrameworksBuildPhase section */
		1FE774751DEA976400C79EEE /* Frameworks */ = {
			isa = PBXFrameworksBuildPhase;
			buildActionMask = 2147483647;
			files = (
			);
			runOnlyForDeploymentPostprocessing = 0;
		};
		1FE774891DEA976400C79EEE /* Frameworks */ = {
			isa = PBXFrameworksBuildPhase;
			buildActionMask = 2147483647;
			files = (
			);
			runOnlyForDeploymentPostprocessing = 0;
		};
		1FE774941DEA976400C79EEE /* Frameworks */ = {
			isa = PBXFrameworksBuildPhase;
			buildActionMask = 2147483647;
			files = (
			);
			runOnlyForDeploymentPostprocessing = 0;
		};
/* End PBXFrameworksBuildPhase section */

/* Begin PBXGroup section */
		1FE7746F1DEA976400C79EEE = {
			isa = PBXGroup;
			children = (
				1FE7747A1DEA976400C79EEE /* Calculator */,
				1FE7748F1DEA976400C79EEE /* CalculatorTests */,
				1FE7749A1DEA976400C79EEE /* CalculatorUITests */,
				1FE774791DEA976400C79EEE /* Products */,
			);
			sourceTree = "<group>";
		};
		1FE774791DEA976400C79EEE /* Products */ = {
			isa = PBXGroup;
			children = (
				1FE774781DEA976400C79EEE /* Calculator.app */,
				1FE7748C1DEA976400C79EEE /* CalculatorTests.xctest */,
				1FE774971DEA976400C79EEE /* CalculatorUITests.xctest */,
			);
			name = Products;
			sourceTree = "<group>";
		};
		1FE7747A1DEA976400C79EEE /* Calculator */ = {
			isa = PBXGroup;
			children = (
				1FE7747B1DEA976400C79EEE /* AppDelegate.swift */,
				1FE7747D1DEA976400C79EEE /* ViewController.swift */,
				1F91DE231E9766E400D2F1C2 /* CalculatorBrain.swift */,
				1FE7747F1DEA976400C79EEE /* Main.storyboard */,
				1FE774821DEA976400C79EEE /* Assets.xcassets */,
				1FE774841DEA976400C79EEE /* LaunchScreen.storyboard */,
				1FE774871DEA976400C79EEE /* Info.plist */,
			);
			path = Calculator;
			sourceTree = "<group>";
		};
		1FE7748F1DEA976400C79EEE /* CalculatorTests */ = {
			isa = PBXGroup;
			children = (
				1FE774901DEA976400C79EEE /* CalculatorTests.swift */,
				1FE774921DEA976400C79EEE /* Info.plist */,
			);
			path = CalculatorTests;
			sourceTree = "<group>";
		};
		1FE7749A1DEA976400C79EEE /* CalculatorUITests */ = {
			isa = PBXGroup;
			children = (
				1FE7749B1DEA976400C79EEE /* CalculatorUITests.swift */,
				1FE7749D1DEA976400C79EEE /* Info.plist */,
			);
			path = CalculatorUITests;
			sourceTree = "<group>";
		};
/* End PBXGroup section */

/* Begin PBXNativeTarget section */
		1FE774771DEA976400C79EEE /* Calculator */ = {
			isa = PBXNativeTarget;
			buildConfigurationList = 1FE774A01DEA976400C79EEE /* Build configuration list for PBXNativeTarget "Calculator" */;
			buildPhases = (
				1FE774741DEA976400C79EEE /* Sources */,
				1FE774751DEA976400C79EEE /* Frameworks */,
				1FE774761DEA976400C79EEE /* Resources */,
			);
			buildRules = (
			);
			dependencies = (
			);
			name = Calculator;
			productName = Calculator;
			productReference = 1FE774781DEA976400C79EEE /* Calculator.app */;
			productType = "com.apple.product-type.application";
		};
		1FE7748B1DEA976400C79EEE /* CalculatorTests */ = {
			isa = PBXNativeTarget;
			buildConfigurationList = 1FE774A31DEA976400C79EEE /* Build configuration list for PBXNativeTarget "CalculatorTests" */;
			buildPhases = (
				1FE774881DEA976400C79EEE /* Sources */,
				1FE774891DEA976400C79EEE /* Frameworks */,
				1FE7748A1DEA976400C79EEE /* Resources */,
			);
			buildRules = (
			);
			dependencies = (
				1FE7748E1DEA976400C79EEE /* PBXTargetDependency */,
			);
			name = CalculatorTests;
			productName = CalculatorTests;
			productReference = 1FE7748C1DEA976400C79EEE /* CalculatorTests.xctest */;
			productType = "com.apple.product-type.bundle.unit-test";
		};
		1FE774961DEA976400C79EEE /* CalculatorUITests */ = {
			isa = PBXNativeTarget;
			buildConfigurationList = 1FE774A61DEA976400C79EEE /* Build configuration list for PBXNativeTarget "CalculatorUITests" */;
			buildPhases = (
				1FE774931DEA976400C79EEE /* Sources */,
				1FE774941DEA976400C79EEE /* Frameworks */,
				1FE774951DEA976400C79EEE /* Resources */,
			);
			buildRules = (
			);
			dependencies = (
				1FE774991DEA976400C79EEE /* PBXTargetDependency */,
			);
			name = CalculatorUITests;
			productName = CalculatorUITests;
			productReference = 1FE774971DEA976400C79EEE /* CalculatorUITests.xctest */;
			productType = "com.apple.product-type.bundle.ui-testing";
		};
/* End PBXNativeTarget section */

/* Begin PBXProject section */
		1FE774701DEA976400C79EEE /* Project object */ = {
			isa = PBXProject;
			attributes = {
				LastSwiftUpdateCheck = 0810;
				LastUpgradeCheck = 0810;
				ORGANIZATIONNAME = "YuTao Wu";
				TargetAttributes = {
					1FE774771DEA976400C79EEE = {
						CreatedOnToolsVersion = 8.1;
						DevelopmentTeam = V38C2Y296K;
						ProvisioningStyle = Automatic;
					};
					1FE7748B1DEA976400C79EEE = {
						CreatedOnToolsVersion = 8.1;
						DevelopmentTeam = V38C2Y296K;
						ProvisioningStyle = Automatic;
						TestTargetID = 1FE774771DEA976400C79EEE;
					};
					1FE774961DEA976400C79EEE = {
						CreatedOnToolsVersion = 8.1;
						DevelopmentTeam = V38C2Y296K;
						ProvisioningStyle = Automatic;
						TestTargetID = 1FE774771DEA976400C79EEE;
					};
				};
			};
			buildConfigurationList = 1FE774731DEA976400C79EEE /* Build configuration list for PBXProject "Calculator" */;
			compatibilityVersion = "Xcode 3.2";
			developmentRegion = English;
			hasScannedForEncodings = 0;
			knownRegions = (
				en,
				Base,
			);
			mainGroup = 1FE7746F1DEA976400C79EEE;
			productRefGroup = 1FE774791DEA976400C79EEE /* Products */;
			projectDirPath = "";
			projectRoot = "";
			targets = (
				1FE774771DEA976400C79EEE /* Calculator */,
				1FE7748B1DEA976400C79EEE /* CalculatorTests */,
				1FE774961DEA976400C79EEE /* CalculatorUITests */,
			);
		};
/* End PBXProject section */

/* Begin PBXResourcesBuildPhase section */
		1FE774761DEA976400C79EEE /* Resources */ = {
			isa = PBXResourcesBuildPhase;
			buildActionMask = 2147483647;
			files = (
				1FE774861DEA976400C79EEE /* LaunchScreen.storyboard in Resources */,
				1FE774831DEA976400C79EEE /* Assets.xcassets in Resources */,
				1FE774811DEA976400C79EEE /* Main.storyboard in Resources */,
			);
			runOnlyForDeploymentPostprocessing = 0;
		};
		1FE7748A1DEA976400C79EEE /* Resources */ = {
			isa = PBXResourcesBuildPhase;
			buildActionMask = 2147483647;
			files = (
			);
			runOnlyForDeploymentPostprocessing = 0;
		};
		1FE774951DEA976400C79EEE /* Resources */ = {
			isa = PBXResourcesBuildPhase;
			buildActionMask = 2147483647;
			files = (
			);
			runOnlyForDeploymentPostprocessing = 0;
		};
/* End PBXResourcesBuildPhase section */

/* Begin PBXSourcesBuildPhase section */
		1FE774741DEA976400C79EEE /* Sources */ = {
			isa = PBXSourcesBuildPhase;
			buildActionMask = 2147483647;
			files = (
				1F91DE241E9766E400D2F1C2 /* CalculatorBrain.swift in Sources */,
				1FE7747E1DEA976400C79EEE /* ViewController.swift in Sources */,
				1FE7747C1DEA976400C79EEE /* AppDelegate.swift in Sources */,
			);
			runOnlyForDeploymentPostprocessing = 0;
		};
		1FE774881DEA976400C79EEE /* Sources */ = {
			isa = PBXSourcesBuildPhase;
			buildActionMask = 2147483647;
			files = (
				1FE774911DEA976400C79EEE /* CalculatorTests.swift in Sources */,
			);
			runOnlyForDeploymentPostprocessing = 0;
		};
		1FE774931DEA976400C79EEE /* Sources */ = {
			isa = PBXSourcesBuildPhase;
			buildActionMask = 2147483647;
			files = (
				1FE7749C1DEA976400C79EEE /* CalculatorUITests.swift in Sources */,
			);
			runOnlyForDeploymentPostprocessing = 0;
		};
/* End PBXSourcesBuildPhase section */

/* Begin PBXTargetDependency section */
		1FE7748E1DEA976400C79EEE /* PBXTargetDependency */ = {
			isa = PBXTargetDependency;
			target = 1FE774771DEA976400C79EEE /* Calculator */;
			targetProxy = 1FE7748D1DEA976400C79EEE /* PBXContainerItemProxy */;
		};
		1FE774991DEA976400C79EEE /* PBXTargetDependency */ = {
			isa = PBXTargetDependency;
			target = 1FE774771DEA976400C79EEE /* Calculator */;
			targetProxy = 1FE774981DEA976400C79EEE /* PBXContainerItemProxy */;
		};
/* End PBXTargetDependency section */

/* Begin PBXVariantGroup section */
		1FE7747F1DEA976400C79EEE /* Main.storyboard */ = {
			isa = PBXVariantGroup;
			children = (
				1FE774801DEA976400C79EEE /* Base */,
			);
			name = Main.storyboard;
			sourceTree = "<group>";
		};
		1FE774841DEA976400C79EEE /* LaunchScreen.storyboard */ = {
			isa = PBXVariantGroup;
			children = (
				1FE774851DEA976400C79EEE /* Base */,
			);
			name = LaunchScreen.storyboard;
			sourceTree = "<group>";
		};
/* End PBXVariantGroup section */

/* Begin XCBuildConfiguration section */
		1FE7749E1DEA976400C79EEE /* Debug */ = {
			isa = XCBuildConfiguration;
			buildSettings = {
				ALWAYS_SEARCH_USER_PATHS = NO;
				CLANG_ANALYZER_NONNULL = YES;
				CLANG_CXX_LANGUAGE_STANDARD = "gnu++0x";
				CLANG_CXX_LIBRARY = "libc++";
				CLANG_ENABLE_MODULES = YES;
				CLANG_ENABLE_OBJC_ARC = YES;
				CLANG_WARN_BOOL_CONVERSION = YES;
				CLANG_WARN_CONSTANT_CONVERSION = YES;
				CLANG_WARN_DIRECT_OBJC_ISA_USAGE = YES_ERROR;
				CLANG_WARN_DOCUMENTATION_COMMENTS = YES;
				CLANG_WARN_EMPTY_BODY = YES;
				CLANG_WARN_ENUM_CONVERSION = YES;
				CLANG_WARN_INFINITE_RECURSION = YES;
				CLANG_WARN_INT_CONVERSION = YES;
				CLANG_WARN_OBJC_ROOT_CLASS = YES_ERROR;
				CLANG_WARN_SUSPICIOUS_MOVES = YES;
				CLANG_WARN_UNREACHABLE_CODE = YES;
				CLANG_WARN__DUPLICATE_METHOD_MATCH = YES;
				"CODE_SIGN_IDENTITY[sdk=iphoneos*]" = "iPhone Developer";
				COPY_PHASE_STRIP = NO;
				DEBUG_INFORMATION_FORMAT = dwarf;
				ENABLE_STRICT_OBJC_MSGSEND = YES;
				ENABLE_TESTABILITY = YES;
				GCC_C_LANGUAGE_STANDARD = gnu99;
				GCC_DYNAMIC_NO_PIC = NO;
				GCC_NO_COMMON_BLOCKS = YES;
				GCC_OPTIMIZATION_LEVEL = 0;
				GCC_PREPROCESSOR_DEFINITIONS = (
					"DEBUG=1",
					"$(inherited)",
				);
				GCC_WARN_64_TO_32_BIT_CONVERSION = YES;
				GCC_WARN_ABOUT_RETURN_TYPE = YES_ERROR;
				GCC_WARN_UNDECLARED_SELECTOR = YES;
				GCC_WARN_UNINITIALIZED_AUTOS = YES_AGGRESSIVE;
				GCC_WARN_UNUSED_FUNCTION = YES;
				GCC_WARN_UNUSED_VARIABLE = YES;
				IPHONEOS_DEPLOYMENT_TARGET = 10.1;
				MTL_ENABLE_DEBUG_INFO = YES;
				ONLY_ACTIVE_ARCH = YES;
				SDKROOT = iphoneos;
				SWIFT_ACTIVE_COMPILATION_CONDITIONS = DEBUG;
				SWIFT_OPTIMIZATION_LEVEL = "-Onone";
				TARGETED_DEVICE_FAMILY = "1,2";
			};
			name = Debug;
		};
		1FE7749F1DEA976400C79EEE /* Release */ = {
			isa = XCBuildConfiguration;
			buildSettings = {
				ALWAYS_SEARCH_USER_PATHS = NO;
				CLANG_ANALYZER_NONNULL = YES;
				CLANG_CXX_LANGUAGE_STANDARD = "gnu++0x";
				CLANG_CXX_LIBRARY = "libc++";
				CLANG_ENABLE_MODULES = YES;
				CLANG_ENABLE_OBJC_ARC = YES;
				CLANG_WARN_BOOL_CONVERSION = YES;
				CLANG_WARN_CONSTANT_CONVERSION = YES;
				CLANG_WARN_DIRECT_OBJC_ISA_USAGE = YES_ERROR;
				CLANG_WARN_DOCUMENTATION_COMMENTS = YES;
				CLANG_WARN_EMPTY_BODY = YES;
				CLANG_WARN_ENUM_CONVERSION = YES;
				CLANG_WARN_INFINITE_RECURSION = YES;
				CLANG_WARN_INT_CONVERSION = YES;
				CLANG_WARN_OBJC_ROOT_CLASS = YES_ERROR;
				CLANG_WARN_SUSPICIOUS_MOVES = YES;
				CLANG_WARN_UNREACHABLE_CODE = YES;
				CLANG_WARN__DUPLICATE_METHOD_MATCH = YES;
				"CODE_SIGN_IDENTITY[sdk=iphoneos*]" = "iPhone Developer";
				COPY_PHASE_STRIP = NO;
				DEBUG_INFORMATION_FORMAT = "dwarf-with-dsym";
				ENABLE_NS_ASSERTIONS = NO;
				ENABLE_STRICT_OBJC_MSGSEND = YES;
				GCC_C_LANGUAGE_STANDARD = gnu99;
				GCC_NO_COMMON_BLOCKS = YES;
				GCC_WARN_64_TO_32_BIT_CONVERSION = YES;
				GCC_WARN_ABOUT_RETURN_TYPE = YES_ERROR;
				GCC_WARN_UNDECLARED_SELECTOR = YES;
				GCC_WARN_UNINITIALIZED_AUTOS = YES_AGGRESSIVE;
				GCC_WARN_UNUSED_FUNCTION = YES;
				GCC_WARN_UNUSED_VARIABLE = YES;
				IPHONEOS_DEPLOYMENT_TARGET = 10.1;
				MTL_ENABLE_DEBUG_INFO = NO;
				SDKROOT = iphoneos;
				SWIFT_OPTIMIZATION_LEVEL = "-Owholemodule";
				TARGETED_DEVICE_FAMILY = "1,2";
				VALIDATE_PRODUCT = YES;
			};
			name = Release;
		};
		1FE774A11DEA976400C79EEE /* Debug */ = {
			isa = XCBuildConfiguration;
			buildSettings = {
				ASSETCATALOG_COMPILER_APPICON_NAME = AppIcon;
				DEVELOPMENT_TEAM = V38C2Y296K;
				INFOPLIST_FILE = Calculator/Info.plist;
				LD_RUNPATH_SEARCH_PATHS = "$(inherited) @executable_path/Frameworks";
				PRODUCT_BUNDLE_IDENTIFIER = "-51549530-qq.com.Calculator";
				PRODUCT_NAME = "$(TARGET_NAME)";
				SWIFT_VERSION = 3.0;
			};
			name = Debug;
		};
		1FE774A21DEA976400C79EEE /* Release */ = {
			isa = XCBuildConfiguration;
			buildSettings = {
				ASSETCATALOG_COMPILER_APPICON_NAME = AppIcon;
				DEVELOPMENT_TEAM = V38C2Y296K;
				INFOPLIST_FILE = Calculator/Info.plist;
				LD_RUNPATH_SEARCH_PATHS = "$(inherited) @executable_path/Frameworks";
				PRODUCT_BUNDLE_IDENTIFIER = "-51549530-qq.com.Calculator";
				PRODUCT_NAME = "$(TARGET_NAME)";
				SWIFT_VERSION = 3.0;
			};
			name = Release;
		};
		1FE774A41DEA976400C79EEE /* Debug */ = {
			isa = XCBuildConfiguration;
			buildSettings = {
				ALWAYS_EMBED_SWIFT_STANDARD_LIBRARIES = YES;
				BUNDLE_LOADER = "$(TEST_HOST)";
				DEVELOPMENT_TEAM = V38C2Y296K;
				INFOPLIST_FILE = CalculatorTests/Info.plist;
				LD_RUNPATH_SEARCH_PATHS = "$(inherited) @executable_path/Frameworks @loader_path/Frameworks";
				PRODUCT_BUNDLE_IDENTIFIER = "-51549530-qq.com.CalculatorTests";
				PRODUCT_NAME = "$(TARGET_NAME)";
				SWIFT_VERSION = 3.0;
				TEST_HOST = "$(BUILT_PRODUCTS_DIR)/Calculator.app/Calculator";
			};
			name = Debug;
		};
		1FE774A51DEA976400C79EEE /* Release */ = {
			isa = XCBuildConfiguration;
			buildSettings = {
				ALWAYS_EMBED_SWIFT_STANDARD_LIBRARIES = YES;
				BUNDLE_LOADER = "$(TEST_HOST)";
				DEVELOPMENT_TEAM = V38C2Y296K;
				INFOPLIST_FILE = CalculatorTests/Info.plist;
				LD_RUNPATH_SEARCH_PATHS = "$(inherited) @executable_path/Frameworks @loader_path/Frameworks";
				PRODUCT_BUNDLE_IDENTIFIER = "-51549530-qq.com.CalculatorTests";
				PRODUCT_NAME = "$(TARGET_NAME)";
				SWIFT_VERSION = 3.0;
				TEST_HOST = "$(BUILT_PRODUCTS_DIR)/Calculator.app/Calculator";
			};
			name = Release;
		};
		1FE774A71DEA976400C79EEE /* Debug */ = {
			isa = XCBuildConfiguration;
			buildSettings = {
				ALWAYS_EMBED_SWIFT_STANDARD_LIBRARIES = YES;
				DEVELOPMENT_TEAM = V38C2Y296K;
				INFOPLIST_FILE = CalculatorUITests/Info.plist;
				LD_RUNPATH_SEARCH_PATHS = "$(inherited) @executable_path/Frameworks @loader_path/Frameworks";
				PRODUCT_BUNDLE_IDENTIFIER = "-51549530-qq.com.CalculatorUITests";
				PRODUCT_NAME = "$(TARGET_NAME)";
				SWIFT_VERSION = 3.0;
				TEST_TARGET_NAME = Calculator;
			};
			name = Debug;
		};
		1FE774A81DEA976400C79EEE /* Release */ = {
			isa = XCBuildConfiguration;
			buildSettings = {
				ALWAYS_EMBED_SWIFT_STANDARD_LIBRARIES = YES;
				DEVELOPMENT_TEAM = V38C2Y296K;
				INFOPLIST_FILE = CalculatorUITests/Info.plist;
				LD_RUNPATH_SEARCH_PATHS = "$(inherited) @executable_path/Frameworks @loader_path/Frameworks";
				PRODUCT_BUNDLE_IDENTIFIER = "-51549530-qq.com.CalculatorUITests";
				PRODUCT_NAME = "$(TARGET_NAME)";
				SWIFT_VERSION = 3.0;
				TEST_TARGET_NAME = Calculator;
			};
			name = Release;
		};
/* End XCBuildConfiguration section */

/* Begin XCConfigurationList section */
		1FE774731DEA976400C79EEE /* Build configuration list for PBXProject "Calculator" */ = {
			isa = XCConfigurationList;
			buildConfigurations = (
				1FE7749E1DEA976400C79EEE /* Debug */,
				1FE7749F1DEA976400C79EEE /* Release */,
			);
			defaultConfigurationIsVisible = 0;
			defaultConfigurationName = Release;
		};
		1FE774A01DEA976400C79EEE /* Build configuration list for PBXNativeTarget "Calculator" */ = {
			isa = XCConfigurationList;
			buildConfigurations = (
				1FE774A11DEA976400C79EEE /* Debug */,
				1FE774A21DEA976400C79EEE /* Release */,
			);
			defaultConfigurationIsVisible = 0;
			defaultConfigurationName = Release;
		};
		1FE774A31DEA976400C79EEE /* Build configuration list for PBXNativeTarget "CalculatorTests" */ = {
			isa = XCConfigurationList;
			buildConfigurations = (
				1FE774A41DEA976400C79EEE /* Debug */,
				1FE774A51DEA976400C79EEE /* Release */,
			);
			defaultConfigurationIsVisible = 0;
			defaultConfigurationName = Release;
		};
		1FE774A61DEA976400C79EEE /* Build configuration list for PBXNativeTarget "CalculatorUITests" */ = {
			isa = XCConfigurationList;
			buildConfigurations = (
				1FE774A71DEA976400C79EEE /* Debug */,
				1FE774A81DEA976400C79EEE /* Release */,
			);
			defaultConfigurationIsVisible = 0;
			defaultConfigurationName = Release;
		};
/* End XCConfigurationList section */
	};
	rootObject = 1FE774701DEA976400C79EEE /* Project object */;
}
